
Microsoft Visual Studio Solution File, Format Version 12.00
# Visual Studio Version 17
VisualStudioVersion = 17.4.33403.182
MinimumVisualStudioVersion = 10.0.40219.1
Project("{FAE04EC0-301F-11D3-BF4B-00C04F79EFBC}") = "StackSearch", "StackSearch.csproj", "{1B7D5AFE-D7EE-4F4B-98BA-8441DCC933E3}"
EndProject
Global
	GlobalSection(SolutionConfigurationPlatforms) = preSolution
		Debug|Any CPU = Debug|Any CPU
		Release|Any CPU = Release|Any CPU
	EndGlobalSection
	GlobalSection(ProjectConfigurationPlatforms) = postSolution
		{1B7D5AFE-D7EE-4F4B-98BA-8441DCC933E3}.Debug|Any CPU.ActiveCfg = Debug|Any CPU
		{1B7D5AFE-D7EE-4F4B-98BA-8441DCC933E3}.Debug|Any CPU.Build.0 = Debug|Any CPU
		{1B7D5AFE-D7EE-4F4B-98BA-8441DCC933E3}.Release|Any CPU.ActiveCfg = Release|Any CPU
		{1B7D5AFE-D7EE-4F4B-98BA-8441DCC933E3}.Release|Any CPU.Build.0 = Release|Any CPU
	EndGlobalSection
	GlobalSection(SolutionProperties) = preSolution
		HideSolutionNode = FALSE
	EndGlobalSection
	GlobalSection(ExtensibilityGlobals) = postSolution
		SolutionGuid = {3A77477D-9421-47D6-9BE1-AA8CCFFFF04E}
	EndGlobalSection
EndGlobal
